
Microsoft Visual Studio Solution File, Format Version 12.00
# Visual Studio Version 17
VisualStudioVersion = 17.14.36414.22
MinimumVisualStudioVersion = 10.0.40219.1
Project("{FAE04EC0-301F-11D3-BF4B-00C04F79EFBC}") = "AdoDotNet.ConsoleApp", "AcmoHomeWork\AdoDotNet.ConsoleApp.csproj", "{641250E3-5828-4E0C-9E14-A34F7D02D4BE}"
EndProject
Project("{FAE04EC0-301F-11D3-BF4B-00C04F79EFBC}") = "Dapper.ConsoleApp", "Dapper\Dapper.ConsoleApp.csproj", "{27D9B137-096A-4B3A-BAAD-8C22E05A6C0E}"
EndProject
Project("{FAE04EC0-301F-11D3-BF4B-00C04F79EFBC}") = "EFCore.ConsoleApp", "EFCore.ConsoleApp\EFCore.ConsoleApp.csproj", "{3DDAF0B7-0369-432F-BB80-B1FDAB48B636}"
EndProject
Global
	GlobalSection(SolutionConfigurationPlatforms) = preSolution
		Debug|Any CPU = Debug|Any CPU
		Release|Any CPU = Release|Any CPU
	EndGlobalSection
	GlobalSection(ProjectConfigurationPlatforms) = postSolution
		{641250E3-5828-4E0C-9E14-A34F7D02D4BE}.Debug|Any CPU.ActiveCfg = Debug|Any CPU
		{641250E3-5828-4E0C-9E14-A34F7D02D4BE}.Debug|Any CPU.Build.0 = Debug|Any CPU
		{641250E3-5828-4E0C-9E14-A34F7D02D4BE}.Release|Any CPU.ActiveCfg = Release|Any CPU
		{641250E3-5828-4E0C-9E14-A34F7D02D4BE}.Release|Any CPU.Build.0 = Release|Any CPU
		{27D9B137-096A-4B3A-BAAD-8C22E05A6C0E}.Debug|Any CPU.ActiveCfg = Debug|Any CPU
		{27D9B137-096A-4B3A-BAAD-8C22E05A6C0E}.Debug|Any CPU.Build.0 = Debug|Any CPU
		{27D9B137-096A-4B3A-BAAD-8C22E05A6C0E}.Release|Any CPU.ActiveCfg = Release|Any CPU
		{27D9B137-096A-4B3A-BAAD-8C22E05A6C0E}.Release|Any CPU.Build.0 = Release|Any CPU
		{3DDAF0B7-0369-432F-BB80-B1FDAB48B636}.Debug|Any CPU.ActiveCfg = Debug|Any CPU
		{3DDAF0B7-0369-432F-BB80-B1FDAB48B636}.Debug|Any CPU.Build.0 = Debug|Any CPU
		{3DDAF0B7-0369-432F-BB80-B1FDAB48B636}.Release|Any CPU.ActiveCfg = Release|Any CPU
		{3DDAF0B7-0369-432F-BB80-B1FDAB48B636}.Release|Any CPU.Build.0 = Release|Any CPU
	EndGlobalSection
	GlobalSection(SolutionProperties) = preSolution
		HideSolutionNode = FALSE
	EndGlobalSection
	GlobalSection(ExtensibilityGlobals) = postSolution
		SolutionGuid = {8F78B1AF-C054-45CF-ADEA-105B45CD0A5E}
	EndGlobalSection
EndGlobal
